
Microsoft Visual Studio Solution File, Format Version 12.00
# Visual Studio Version 17
VisualStudioVersion = 17.6.33829.357
MinimumVisualStudioVersion = 10.0.40219.1
Project("{FAE04EC0-301F-11D3-BF4B-00C04F79EFBC}") = "ConsoleAppCiaoMondo", "ConsoleAppCiaoMondo\ConsoleAppCiaoMondo.csproj", "{FC2EF312-5831-4438-8FDB-915A45FD1AAD}"
EndProject
Global
	GlobalSection(SolutionConfigurationPlatforms) = preSolution
		Debug|Any CPU = Debug|Any CPU
		Release|Any CPU = Release|Any CPU
	EndGlobalSection
	GlobalSection(ProjectConfigurationPlatforms) = postSolution
		{FC2EF312-5831-4438-8FDB-915A45FD1AAD}.Debug|Any CPU.ActiveCfg = Debug|Any CPU
		{FC2EF312-5831-4438-8FDB-915A45FD1AAD}.Debug|Any CPU.Build.0 = Debug|Any CPU
		{FC2EF312-5831-4438-8FDB-915A45FD1AAD}.Release|Any CPU.ActiveCfg = Release|Any CPU
		{FC2EF312-5831-4438-8FDB-915A45FD1AAD}.Release|Any CPU.Build.0 = Release|Any CPU
	EndGlobalSection
	GlobalSection(SolutionProperties) = preSolution
		HideSolutionNode = FALSE
	EndGlobalSection
	GlobalSection(ExtensibilityGlobals) = postSolution
		SolutionGuid = {7BFE41F0-07C7-4C72-AC44-CF2254A937A5}
	EndGlobalSection
EndGlobal
